
Microsoft Visual Studio Solution File, Format Version 12.00
# Visual Studio 15
VisualStudioVersion = 15.0.28307.168
MinimumVisualStudioVersion = 10.0.40219.1
Project("{FAE04EC0-301F-11D3-BF4B-00C04F79EFBC}") = "CollisionHandling", "CollisionHandling\CollisionHandling.csproj", "{6DE9DD49-9702-4F67-864B-2EBC7FA47879}"
EndProject
Global
	GlobalSection(SolutionConfigurationPlatforms) = preSolution
		Debug|Any CPU = Debug|Any CPU
		Debug|x86 = Debug|x86
		Release|Any CPU = Release|Any CPU
		Release|x86 = Release|x86
	EndGlobalSection
	GlobalSection(ProjectConfigurationPlatforms) = postSolution
		{6DE9DD49-9702-4F67-864B-2EBC7FA47879}.Debug|Any CPU.ActiveCfg = Debug|x86
		{6DE9DD49-9702-4F67-864B-2EBC7FA47879}.Debug|x86.ActiveCfg = Debug|x86
		{6DE9DD49-9702-4F67-864B-2EBC7FA47879}.Debug|x86.Build.0 = Debug|x86
		{6DE9DD49-9702-4F67-864B-2EBC7FA47879}.Release|Any CPU.ActiveCfg = Release|x86
		{6DE9DD49-9702-4F67-864B-2EBC7FA47879}.Release|x86.ActiveCfg = Release|x86
		{6DE9DD49-9702-4F67-864B-2EBC7FA47879}.Release|x86.Build.0 = Release|x86
	EndGlobalSection
	GlobalSection(SolutionProperties) = preSolution
		HideSolutionNode = FALSE
	EndGlobalSection
	GlobalSection(ExtensibilityGlobals) = postSolution
		SolutionGuid = {1CD2B2A0-5EF3-4C0D-ABA0-165C7E193A0B}
	EndGlobalSection
EndGlobal
